# This file is autogenerated, do not edit; changes may be undone by the next 'dep ensure'.


[[projects]]
  name = "github.com/magefile/mage"
  packages = [
    "mage",
    "mg",
    "parse",
    "sh"
  ]
  revision = "a8460f7aa9523266febfca9df7a45025b7460152"
  version = "v1.6.2"

[solve-meta]
  analyzer-name = "dep"
  analyzer-version = 1
  inputs-digest = "33e269c52ce671eb556b198b0539e60846a90c99f870d87e15f835a3032196d2"
  solver-name = "gps-cdcl"
  solver-version = 1
